
Microsoft Visual Studio Solution File, Format Version 11.00
# Visual Studio 2010
Project("{FAE04EC0-301F-11D3-BF4B-00C04F79EFBC}") = "Part1", "Part1\Part1\Part1.csproj", "{5FEE50A4-2EA2-4695-894F-981179693832}"
EndProject
Project("{FAE04EC0-301F-11D3-BF4B-00C04F79EFBC}") = "Part1Content", "Part1\Part1Content\Part1Content.contentproj", "{92C04F07-BBF8-45BB-A6F4-F5957F20317F}"
EndProject
Project("{FAE04EC0-301F-11D3-BF4B-00C04F79EFBC}") = "Part2", "Part2\Part2\Part2.csproj", "{6C6890D1-0C19-4868-B25C-558ADAB34ED5}"
EndProject
Project("{FAE04EC0-301F-11D3-BF4B-00C04F79EFBC}") = "Part2Content", "Part2\Part2Content\Part2Content.contentproj", "{BC95CD5B-F1EA-49DF-B4F5-61B2704F0635}"
EndProject
Project("{FAE04EC0-301F-11D3-BF4B-00C04F79EFBC}") = "Part3", "Part3\Part3\Part3.csproj", "{E7208F0F-0F72-4C0F-99A6-5528AFF46E20}"
EndProject
Project("{FAE04EC0-301F-11D3-BF4B-00C04F79EFBC}") = "Part3Content", "Part3\Part3Content\Part3Content.contentproj", "{82A72031-1832-4904-94A5-89E8E9F596D5}"
EndProject
Project("{FAE04EC0-301F-11D3-BF4B-00C04F79EFBC}") = "Xbox 360 Copy of Part3", "Part3\Part3\Xbox 360 Copy of Part3.csproj", "{F681C421-AC35-4E02-ACD9-0B4A431011E5}"
EndProject
Project("{FAE04EC0-301F-11D3-BF4B-00C04F79EFBC}") = "Xbox 360 Copy of Part2", "Part2\Part2\Xbox 360 Copy of Part2.csproj", "{152EDD60-8BF5-4729-AC34-CCAC5685AD04}"
EndProject
Global
	GlobalSection(SolutionConfigurationPlatforms) = preSolution
		Debug|Mixed Platforms = Debug|Mixed Platforms
		Debug|x86 = Debug|x86
		Debug|Xbox 360 = Debug|Xbox 360
		Release|Mixed Platforms = Release|Mixed Platforms
		Release|x86 = Release|x86
		Release|Xbox 360 = Release|Xbox 360
	EndGlobalSection
	GlobalSection(ProjectConfigurationPlatforms) = postSolution
		{5FEE50A4-2EA2-4695-894F-981179693832}.Debug|Mixed Platforms.ActiveCfg = Debug|x86
		{5FEE50A4-2EA2-4695-894F-981179693832}.Debug|Mixed Platforms.Build.0 = Debug|x86
		{5FEE50A4-2EA2-4695-894F-981179693832}.Debug|x86.ActiveCfg = Debug|x86
		{5FEE50A4-2EA2-4695-894F-981179693832}.Debug|x86.Build.0 = Debug|x86
		{5FEE50A4-2EA2-4695-894F-981179693832}.Debug|Xbox 360.ActiveCfg = Debug|x86
		{5FEE50A4-2EA2-4695-894F-981179693832}.Debug|Xbox 360.Build.0 = Debug|x86
		{5FEE50A4-2EA2-4695-894F-981179693832}.Release|Mixed Platforms.ActiveCfg = Release|x86
		{5FEE50A4-2EA2-4695-894F-981179693832}.Release|Mixed Platforms.Build.0 = Release|x86
		{5FEE50A4-2EA2-4695-894F-981179693832}.Release|x86.ActiveCfg = Release|x86
		{5FEE50A4-2EA2-4695-894F-981179693832}.Release|x86.Build.0 = Release|x86
		{5FEE50A4-2EA2-4695-894F-981179693832}.Release|Xbox 360.ActiveCfg = Release|x86
		{5FEE50A4-2EA2-4695-894F-981179693832}.Release|Xbox 360.Build.0 = Release|x86
		{92C04F07-BBF8-45BB-A6F4-F5957F20317F}.Debug|Mixed Platforms.ActiveCfg = Debug|x86
		{92C04F07-BBF8-45BB-A6F4-F5957F20317F}.Debug|x86.ActiveCfg = Debug|x86
		{92C04F07-BBF8-45BB-A6F4-F5957F20317F}.Debug|Xbox 360.ActiveCfg = Debug|x86
		{92C04F07-BBF8-45BB-A6F4-F5957F20317F}.Release|Mixed Platforms.ActiveCfg = Release|x86
		{92C04F07-BBF8-45BB-A6F4-F5957F20317F}.Release|x86.ActiveCfg = Release|x86
		{92C04F07-BBF8-45BB-A6F4-F5957F20317F}.Release|Xbox 360.ActiveCfg = Release|x86
		{6C6890D1-0C19-4868-B25C-558ADAB34ED5}.Debug|Mixed Platforms.ActiveCfg = Debug|x86
		{6C6890D1-0C19-4868-B25C-558ADAB34ED5}.Debug|Mixed Platforms.Build.0 = Debug|x86
		{6C6890D1-0C19-4868-B25C-558ADAB34ED5}.Debug|x86.ActiveCfg = Debug|x86
		{6C6890D1-0C19-4868-B25C-558ADAB34ED5}.Debug|x86.Build.0 = Debug|x86
		{6C6890D1-0C19-4868-B25C-558ADAB34ED5}.Debug|Xbox 360.ActiveCfg = Debug|x86
		{6C6890D1-0C19-4868-B25C-558ADAB34ED5}.Debug|Xbox 360.Build.0 = Debug|x86
		{6C6890D1-0C19-4868-B25C-558ADAB34ED5}.Release|Mixed Platforms.ActiveCfg = Release|x86
		{6C6890D1-0C19-4868-B25C-558ADAB34ED5}.Release|Mixed Platforms.Build.0 = Release|x86
		{6C6890D1-0C19-4868-B25C-558ADAB34ED5}.Release|x86.ActiveCfg = Release|x86
		{6C6890D1-0C19-4868-B25C-558ADAB34ED5}.Release|x86.Build.0 = Release|x86
		{6C6890D1-0C19-4868-B25C-558ADAB34ED5}.Release|Xbox 360.ActiveCfg = Release|x86
		{6C6890D1-0C19-4868-B25C-558ADAB34ED5}.Release|Xbox 360.Build.0 = Release|x86
		{BC95CD5B-F1EA-49DF-B4F5-61B2704F0635}.Debug|Mixed Platforms.ActiveCfg = Debug|x86
		{BC95CD5B-F1EA-49DF-B4F5-61B2704F0635}.Debug|x86.ActiveCfg = Debug|x86
		{BC95CD5B-F1EA-49DF-B4F5-61B2704F0635}.Debug|Xbox 360.ActiveCfg = Debug|x86
		{BC95CD5B-F1EA-49DF-B4F5-61B2704F0635}.Release|Mixed Platforms.ActiveCfg = Release|x86
		{BC95CD5B-F1EA-49DF-B4F5-61B2704F0635}.Release|x86.ActiveCfg = Release|x86
		{BC95CD5B-F1EA-49DF-B4F5-61B2704F0635}.Release|Xbox 360.ActiveCfg = Release|x86
		{E7208F0F-0F72-4C0F-99A6-5528AFF46E20}.Debug|Mixed Platforms.ActiveCfg = Debug|x86
		{E7208F0F-0F72-4C0F-99A6-5528AFF46E20}.Debug|Mixed Platforms.Build.0 = Debug|x86
		{E7208F0F-0F72-4C0F-99A6-5528AFF46E20}.Debug|x86.ActiveCfg = Debug|x86
		{E7208F0F-0F72-4C0F-99A6-5528AFF46E20}.Debug|x86.Build.0 = Debug|x86
		{E7208F0F-0F72-4C0F-99A6-5528AFF46E20}.Debug|Xbox 360.ActiveCfg = Debug|x86
		{E7208F0F-0F72-4C0F-99A6-5528AFF46E20}.Debug|Xbox 360.Build.0 = Debug|x86
		{E7208F0F-0F72-4C0F-99A6-5528AFF46E20}.Release|Mixed Platforms.ActiveCfg = Release|x86
		{E7208F0F-0F72-4C0F-99A6-5528AFF46E20}.Release|Mixed Platforms.Build.0 = Release|x86
		{E7208F0F-0F72-4C0F-99A6-5528AFF46E20}.Release|x86.ActiveCfg = Release|x86
		{E7208F0F-0F72-4C0F-99A6-5528AFF46E20}.Release|x86.Build.0 = Release|x86
		{E7208F0F-0F72-4C0F-99A6-5528AFF46E20}.Release|Xbox 360.ActiveCfg = Release|x86
		{E7208F0F-0F72-4C0F-99A6-5528AFF46E20}.Release|Xbox 360.Build.0 = Release|x86
		{82A72031-1832-4904-94A5-89E8E9F596D5}.Debug|Mixed Platforms.ActiveCfg = Debug|x86
		{82A72031-1832-4904-94A5-89E8E9F596D5}.Debug|x86.ActiveCfg = Debug|x86
		{82A72031-1832-4904-94A5-89E8E9F596D5}.Debug|Xbox 360.ActiveCfg = Debug|x86
		{82A72031-1832-4904-94A5-89E8E9F596D5}.Release|Mixed Platforms.ActiveCfg = Release|x86
		{82A72031-1832-4904-94A5-89E8E9F596D5}.Release|x86.ActiveCfg = Release|x86
		{82A72031-1832-4904-94A5-89E8E9F596D5}.Release|Xbox 360.ActiveCfg = Release|x86
		{F681C421-AC35-4E02-ACD9-0B4A431011E5}.Debug|Mixed Platforms.ActiveCfg = Debug|Xbox 360
		{F681C421-AC35-4E02-ACD9-0B4A431011E5}.Debug|Mixed Platforms.Build.0 = Debug|Xbox 360
		{F681C421-AC35-4E02-ACD9-0B4A431011E5}.Debug|Mixed Platforms.Deploy.0 = Debug|Xbox 360
		{F681C421-AC35-4E02-ACD9-0B4A431011E5}.Debug|x86.ActiveCfg = Debug|Xbox 360
		{F681C421-AC35-4E02-ACD9-0B4A431011E5}.Debug|Xbox 360.ActiveCfg = Debug|Xbox 360
		{F681C421-AC35-4E02-ACD9-0B4A431011E5}.Debug|Xbox 360.Build.0 = Debug|Xbox 360
		{F681C421-AC35-4E02-ACD9-0B4A431011E5}.Debug|Xbox 360.Deploy.0 = Debug|Xbox 360
		{F681C421-AC35-4E02-ACD9-0B4A431011E5}.Release|Mixed Platforms.ActiveCfg = Release|Xbox 360
		{F681C421-AC35-4E02-ACD9-0B4A431011E5}.Release|Mixed Platforms.Build.0 = Release|Xbox 360
		{F681C421-AC35-4E02-ACD9-0B4A431011E5}.Release|Mixed Platforms.Deploy.0 = Release|Xbox 360
		{F681C421-AC35-4E02-ACD9-0B4A431011E5}.Release|x86.ActiveCfg = Release|Xbox 360
		{F681C421-AC35-4E02-ACD9-0B4A431011E5}.Release|Xbox 360.ActiveCfg = Release|Xbox 360
		{F681C421-AC35-4E02-ACD9-0B4A431011E5}.Release|Xbox 360.Build.0 = Release|Xbox 360
		{F681C421-AC35-4E02-ACD9-0B4A431011E5}.Release|Xbox 360.Deploy.0 = Release|Xbox 360
		{152EDD60-8BF5-4729-AC34-CCAC5685AD04}.Debug|Mixed Platforms.ActiveCfg = Debug|Xbox 360
		{152EDD60-8BF5-4729-AC34-CCAC5685AD04}.Debug|Mixed Platforms.Build.0 = Debug|Xbox 360
		{152EDD60-8BF5-4729-AC34-CCAC5685AD04}.Debug|Mixed Platforms.Deploy.0 = Debug|Xbox 360
		{152EDD60-8BF5-4729-AC34-CCAC5685AD04}.Debug|x86.ActiveCfg = Debug|Xbox 360
		{152EDD60-8BF5-4729-AC34-CCAC5685AD04}.Debug|Xbox 360.ActiveCfg = Debug|Xbox 360
		{152EDD60-8BF5-4729-AC34-CCAC5685AD04}.Debug|Xbox 360.Build.0 = Debug|Xbox 360
		{152EDD60-8BF5-4729-AC34-CCAC5685AD04}.Debug|Xbox 360.Deploy.0 = Debug|Xbox 360
		{152EDD60-8BF5-4729-AC34-CCAC5685AD04}.Release|Mixed Platforms.ActiveCfg = Release|Xbox 360
		{152EDD60-8BF5-4729-AC34-CCAC5685AD04}.Release|Mixed Platforms.Build.0 = Release|Xbox 360
		{152EDD60-8BF5-4729-AC34-CCAC5685AD04}.Release|Mixed Platforms.Deploy.0 = Release|Xbox 360
		{152EDD60-8BF5-4729-AC34-CCAC5685AD04}.Release|x86.ActiveCfg = Release|Xbox 360
		{152EDD60-8BF5-4729-AC34-CCAC5685AD04}.Release|Xbox 360.ActiveCfg = Release|Xbox 360
		{152EDD60-8BF5-4729-AC34-CCAC5685AD04}.Release|Xbox 360.Build.0 = Release|Xbox 360
		{152EDD60-8BF5-4729-AC34-CCAC5685AD04}.Release|Xbox 360.Deploy.0 = Release|Xbox 360
	EndGlobalSection
	GlobalSection(SolutionProperties) = preSolution
		HideSolutionNode = FALSE
	EndGlobalSection
EndGlobal
