
Microsoft Visual Studio Solution File, Format Version 11.00
# Visual Studio 2010
Project("{FAE04EC0-301F-11D3-BF4B-00C04F79EFBC}") = "Part1", "Part1\Part1\Part1.csproj", "{5FEE50A4-2EA2-4695-894F-981179693832}"
EndProject
Project("{FAE04EC0-301F-11D3-BF4B-00C04F79EFBC}") = "Part1Content", "Part1\Part1Content\Part1Content.contentproj", "{92C04F07-BBF8-45BB-A6F4-F5957F20317F}"
EndProject
Project("{FAE04EC0-301F-11D3-BF4B-00C04F79EFBC}") = "Part2", "Part2\Part2\Part2.csproj", "{6C6890D1-0C19-4868-B25C-558ADAB34ED5}"
EndProject
Project("{FAE04EC0-301F-11D3-BF4B-00C04F79EFBC}") = "Part2Content", "Part2\Part2Content\Part2Content.contentproj", "{BC95CD5B-F1EA-49DF-B4F5-61B2704F0635}"
EndProject
Global
	GlobalSection(SolutionConfigurationPlatforms) = preSolution
		Debug|x86 = Debug|x86
		Release|x86 = Release|x86
	EndGlobalSection
	GlobalSection(ProjectConfigurationPlatforms) = postSolution
		{5FEE50A4-2EA2-4695-894F-981179693832}.Debug|x86.ActiveCfg = Debug|x86
		{5FEE50A4-2EA2-4695-894F-981179693832}.Debug|x86.Build.0 = Debug|x86
		{5FEE50A4-2EA2-4695-894F-981179693832}.Release|x86.ActiveCfg = Release|x86
		{5FEE50A4-2EA2-4695-894F-981179693832}.Release|x86.Build.0 = Release|x86
		{92C04F07-BBF8-45BB-A6F4-F5957F20317F}.Debug|x86.ActiveCfg = Debug|x86
		{92C04F07-BBF8-45BB-A6F4-F5957F20317F}.Release|x86.ActiveCfg = Release|x86
		{6C6890D1-0C19-4868-B25C-558ADAB34ED5}.Debug|x86.ActiveCfg = Debug|x86
		{6C6890D1-0C19-4868-B25C-558ADAB34ED5}.Debug|x86.Build.0 = Debug|x86
		{6C6890D1-0C19-4868-B25C-558ADAB34ED5}.Release|x86.ActiveCfg = Release|x86
		{6C6890D1-0C19-4868-B25C-558ADAB34ED5}.Release|x86.Build.0 = Release|x86
		{BC95CD5B-F1EA-49DF-B4F5-61B2704F0635}.Debug|x86.ActiveCfg = Debug|x86
		{BC95CD5B-F1EA-49DF-B4F5-61B2704F0635}.Release|x86.ActiveCfg = Release|x86
	EndGlobalSection
	GlobalSection(SolutionProperties) = preSolution
		HideSolutionNode = FALSE
	EndGlobalSection
EndGlobal
